
Microsoft Visual Studio Solution File, Format Version 12.00
# Visual Studio Version 17
VisualStudioVersion = 17.5.33627.172
MinimumVisualStudioVersion = 10.0.40219.1
Project("{FAE04EC0-301F-11D3-BF4B-00C04F79EFBC}") = "Owf.Sd.Jwt", "Owf.Sd.Jwt\Owf.Sd.Jwt.csproj", "{442904C9-5D59-4799-917D-726196443F10}"
EndProject
Project("{FAE04EC0-301F-11D3-BF4B-00C04F79EFBC}") = "Owf.Sd.Jwt.Tests", "Owf.Sd.Jwt.Tests\Owf.Sd.Jwt.Tests.csproj", "{1887C0E8-4A4F-467B-8C65-D1B69F08530E}"
EndProject
Global
	GlobalSection(SolutionConfigurationPlatforms) = preSolution
		Debug|Any CPU = Debug|Any CPU
		Release|Any CPU = Release|Any CPU
	EndGlobalSection
	GlobalSection(ProjectConfigurationPlatforms) = postSolution
		{442904C9-5D59-4799-917D-726196443F10}.Debug|Any CPU.ActiveCfg = Debug|Any CPU
		{442904C9-5D59-4799-917D-726196443F10}.Debug|Any CPU.Build.0 = Debug|Any CPU
		{442904C9-5D59-4799-917D-726196443F10}.Release|Any CPU.ActiveCfg = Release|Any CPU
		{442904C9-5D59-4799-917D-726196443F10}.Release|Any CPU.Build.0 = Release|Any CPU
		{1887C0E8-4A4F-467B-8C65-D1B69F08530E}.Debug|Any CPU.ActiveCfg = Debug|Any CPU
		{1887C0E8-4A4F-467B-8C65-D1B69F08530E}.Debug|Any CPU.Build.0 = Debug|Any CPU
		{1887C0E8-4A4F-467B-8C65-D1B69F08530E}.Release|Any CPU.ActiveCfg = Release|Any CPU
		{1887C0E8-4A4F-467B-8C65-D1B69F08530E}.Release|Any CPU.Build.0 = Release|Any CPU
	EndGlobalSection
	GlobalSection(SolutionProperties) = preSolution
		HideSolutionNode = FALSE
	EndGlobalSection
	GlobalSection(ExtensibilityGlobals) = postSolution
		SolutionGuid = {8BF1CE96-BF2A-4135-87D9-2002155A94BA}
	EndGlobalSection
EndGlobal
