
Microsoft Visual Studio Solution File, Format Version 12.00
# Visual Studio Version 17
VisualStudioVersion = 17.0.31903.59
MinimumVisualStudioVersion = 10.0.40219.1
Project("{2150E333-8FDC-42A3-9474-1A3956D46DE8}") = "src", "src", "{827E0CD3-B72D-47B6-A68D-7590B98EB39B}"
EndProject
Project("{FAE04EC0-301F-11D3-BF4B-00C04F79EFBC}") = "SdJwt.Net", "src\SdJwt.Net\SdJwt.Net.csproj", "{A9AE4161-18C2-4D73-861C-E0B811506CAC}"
EndProject
Project("{FAE04EC0-301F-11D3-BF4B-00C04F79EFBC}") = "SdJwt.Net.Vc", "src\SdJwt.Net.Vc\SdJwt.Net.Vc.csproj", "{590F1A5C-780B-4520-BF24-FA36BDC97CC8}"
EndProject
Project("{FAE04EC0-301F-11D3-BF4B-00C04F79EFBC}") = "SdJwt.Net.StatusList", "src\SdJwt.Net.StatusList\SdJwt.Net.StatusList.csproj", "{13019BAE-4A0E-4CB8-99DC-8CD8E7EF4BFC}"
EndProject
Project("{2150E333-8FDC-42A3-9474-1A3956D46DE8}") = "tests", "tests", "{0AB3BF05-4346-4AA6-1389-037BE0695223}"
EndProject
Project("{FAE04EC0-301F-11D3-BF4B-00C04F79EFBC}") = "SdJwt.Net.Core.Tests", "tests\SdJwt.Net.Core.Tests\SdJwt.Net.Core.Tests.csproj", "{468E30AC-8796-4CE2-8842-2393D9513A8B}"
EndProject
Project("{FAE04EC0-301F-11D3-BF4B-00C04F79EFBC}") = "SdJwt.Net.Vc.Tests", "tests\SdJwt.Net.Vc.Tests\SdJwt.Net.Vc.Tests.csproj", "{9E6B58AB-A346-4B36-9265-AE86CEB20037}"
EndProject
Project("{FAE04EC0-301F-11D3-BF4B-00C04F79EFBC}") = "SdJwt.Net.StatusList.Tests", "tests\SdJwt.Net.StatusList.Tests\SdJwt.Net.StatusList.Tests.csproj", "{F350A9AB-2F58-459B-972B-D9E4461DF417}"
EndProject
Project("{2150E333-8FDC-42A3-9474-1A3956D46DE8}") = "samples", "samples", "{5D20AA90-6969-D8BD-9DCD-8634F4692FDA}"
EndProject
Project("{FAE04EC0-301F-11D3-BF4B-00C04F79EFBC}") = "SdJwt.Net.Samples", "samples\SdJwt.Net.Samples\SdJwt.Net.Samples.csproj", "{CC45590F-745B-4C6C-9DB7-665D1D19D607}"
EndProject
Global
	GlobalSection(SolutionConfigurationPlatforms) = preSolution
		Debug|Any CPU = Debug|Any CPU
		Debug|x64 = Debug|x64
		Debug|x86 = Debug|x86
		Release|Any CPU = Release|Any CPU
		Release|x64 = Release|x64
		Release|x86 = Release|x86
	EndGlobalSection
	GlobalSection(ProjectConfigurationPlatforms) = postSolution
		{A9AE4161-18C2-4D73-861C-E0B811506CAC}.Debug|Any CPU.ActiveCfg = Debug|Any CPU
		{A9AE4161-18C2-4D73-861C-E0B811506CAC}.Debug|Any CPU.Build.0 = Debug|Any CPU
		{A9AE4161-18C2-4D73-861C-E0B811506CAC}.Debug|x64.ActiveCfg = Debug|Any CPU
		{A9AE4161-18C2-4D73-861C-E0B811506CAC}.Debug|x64.Build.0 = Debug|Any CPU
		{A9AE4161-18C2-4D73-861C-E0B811506CAC}.Debug|x86.ActiveCfg = Debug|Any CPU
		{A9AE4161-18C2-4D73-861C-E0B811506CAC}.Debug|x86.Build.0 = Debug|Any CPU
		{A9AE4161-18C2-4D73-861C-E0B811506CAC}.Release|Any CPU.ActiveCfg = Release|Any CPU
		{A9AE4161-18C2-4D73-861C-E0B811506CAC}.Release|Any CPU.Build.0 = Release|Any CPU
		{A9AE4161-18C2-4D73-861C-E0B811506CAC}.Release|x64.ActiveCfg = Release|Any CPU
		{A9AE4161-18C2-4D73-861C-E0B811506CAC}.Release|x64.Build.0 = Release|Any CPU
		{A9AE4161-18C2-4D73-861C-E0B811506CAC}.Release|x86.ActiveCfg = Release|Any CPU
		{A9AE4161-18C2-4D73-861C-E0B811506CAC}.Release|x86.Build.0 = Release|Any CPU
		{590F1A5C-780B-4520-BF24-FA36BDC97CC8}.Debug|Any CPU.ActiveCfg = Debug|Any CPU
		{590F1A5C-780B-4520-BF24-FA36BDC97CC8}.Debug|Any CPU.Build.0 = Debug|Any CPU
		{590F1A5C-780B-4520-BF24-FA36BDC97CC8}.Debug|x64.ActiveCfg = Debug|Any CPU
		{590F1A5C-780B-4520-BF24-FA36BDC97CC8}.Debug|x64.Build.0 = Debug|Any CPU
		{590F1A5C-780B-4520-BF24-FA36BDC97CC8}.Debug|x86.ActiveCfg = Debug|Any CPU
		{590F1A5C-780B-4520-BF24-FA36BDC97CC8}.Debug|x86.Build.0 = Debug|Any CPU
		{590F1A5C-780B-4520-BF24-FA36BDC97CC8}.Release|Any CPU.ActiveCfg = Release|Any CPU
		{590F1A5C-780B-4520-BF24-FA36BDC97CC8}.Release|Any CPU.Build.0 = Release|Any CPU
		{590F1A5C-780B-4520-BF24-FA36BDC97CC8}.Release|x64.ActiveCfg = Release|Any CPU
		{590F1A5C-780B-4520-BF24-FA36BDC97CC8}.Release|x64.Build.0 = Release|Any CPU
		{590F1A5C-780B-4520-BF24-FA36BDC97CC8}.Release|x86.ActiveCfg = Release|Any CPU
		{590F1A5C-780B-4520-BF24-FA36BDC97CC8}.Release|x86.Build.0 = Release|Any CPU
		{13019BAE-4A0E-4CB8-99DC-8CD8E7EF4BFC}.Debug|Any CPU.ActiveCfg = Debug|Any CPU
		{13019BAE-4A0E-4CB8-99DC-8CD8E7EF4BFC}.Debug|Any CPU.Build.0 = Debug|Any CPU
		{13019BAE-4A0E-4CB8-99DC-8CD8E7EF4BFC}.Debug|x64.ActiveCfg = Debug|Any CPU
		{13019BAE-4A0E-4CB8-99DC-8CD8E7EF4BFC}.Debug|x64.Build.0 = Debug|Any CPU
		{13019BAE-4A0E-4CB8-99DC-8CD8E7EF4BFC}.Debug|x86.ActiveCfg = Debug|Any CPU
		{13019BAE-4A0E-4CB8-99DC-8CD8E7EF4BFC}.Debug|x86.Build.0 = Debug|Any CPU
		{13019BAE-4A0E-4CB8-99DC-8CD8E7EF4BFC}.Release|Any CPU.ActiveCfg = Release|Any CPU
		{13019BAE-4A0E-4CB8-99DC-8CD8E7EF4BFC}.Release|Any CPU.Build.0 = Release|Any CPU
		{13019BAE-4A0E-4CB8-99DC-8CD8E7EF4BFC}.Release|x64.ActiveCfg = Release|Any CPU
		{13019BAE-4A0E-4CB8-99DC-8CD8E7EF4BFC}.Release|x64.Build.0 = Release|Any CPU
		{13019BAE-4A0E-4CB8-99DC-8CD8E7EF4BFC}.Release|x86.ActiveCfg = Release|Any CPU
		{13019BAE-4A0E-4CB8-99DC-8CD8E7EF4BFC}.Release|x86.Build.0 = Release|Any CPU
		{468E30AC-8796-4CE2-8842-2393D9513A8B}.Debug|Any CPU.ActiveCfg = Debug|Any CPU
		{468E30AC-8796-4CE2-8842-2393D9513A8B}.Debug|Any CPU.Build.0 = Debug|Any CPU
		{468E30AC-8796-4CE2-8842-2393D9513A8B}.Debug|x64.ActiveCfg = Debug|Any CPU
		{468E30AC-8796-4CE2-8842-2393D9513A8B}.Debug|x64.Build.0 = Debug|Any CPU
		{468E30AC-8796-4CE2-8842-2393D9513A8B}.Debug|x86.ActiveCfg = Debug|Any CPU
		{468E30AC-8796-4CE2-8842-2393D9513A8B}.Debug|x86.Build.0 = Debug|Any CPU
		{468E30AC-8796-4CE2-8842-2393D9513A8B}.Release|Any CPU.ActiveCfg = Release|Any CPU
		{468E30AC-8796-4CE2-8842-2393D9513A8B}.Release|Any CPU.Build.0 = Release|Any CPU
		{468E30AC-8796-4CE2-8842-2393D9513A8B}.Release|x64.ActiveCfg = Release|Any CPU
		{468E30AC-8796-4CE2-8842-2393D9513A8B}.Release|x64.Build.0 = Release|Any CPU
		{468E30AC-8796-4CE2-8842-2393D9513A8B}.Release|x86.ActiveCfg = Release|Any CPU
		{468E30AC-8796-4CE2-8842-2393D9513A8B}.Release|x86.Build.0 = Release|Any CPU
		{9E6B58AB-A346-4B36-9265-AE86CEB20037}.Debug|Any CPU.ActiveCfg = Debug|Any CPU
		{9E6B58AB-A346-4B36-9265-AE86CEB20037}.Debug|Any CPU.Build.0 = Debug|Any CPU
		{9E6B58AB-A346-4B36-9265-AE86CEB20037}.Debug|x64.ActiveCfg = Debug|Any CPU
		{9E6B58AB-A346-4B36-9265-AE86CEB20037}.Debug|x64.Build.0 = Debug|Any CPU
		{9E6B58AB-A346-4B36-9265-AE86CEB20037}.Debug|x86.ActiveCfg = Debug|Any CPU
		{9E6B58AB-A346-4B36-9265-AE86CEB20037}.Debug|x86.Build.0 = Debug|Any CPU
		{9E6B58AB-A346-4B36-9265-AE86CEB20037}.Release|Any CPU.ActiveCfg = Release|Any CPU
		{9E6B58AB-A346-4B36-9265-AE86CEB20037}.Release|Any CPU.Build.0 = Release|Any CPU
		{9E6B58AB-A346-4B36-9265-AE86CEB20037}.Release|x64.ActiveCfg = Release|Any CPU
		{9E6B58AB-A346-4B36-9265-AE86CEB20037}.Release|x64.Build.0 = Release|Any CPU
		{9E6B58AB-A346-4B36-9265-AE86CEB20037}.Release|x86.ActiveCfg = Release|Any CPU
		{9E6B58AB-A346-4B36-9265-AE86CEB20037}.Release|x86.Build.0 = Release|Any CPU
		{F350A9AB-2F58-459B-972B-D9E4461DF417}.Debug|Any CPU.ActiveCfg = Debug|Any CPU
		{F350A9AB-2F58-459B-972B-D9E4461DF417}.Debug|Any CPU.Build.0 = Debug|Any CPU
		{F350A9AB-2F58-459B-972B-D9E4461DF417}.Debug|x64.ActiveCfg = Debug|Any CPU
		{F350A9AB-2F58-459B-972B-D9E4461DF417}.Debug|x64.Build.0 = Debug|Any CPU
		{F350A9AB-2F58-459B-972B-D9E4461DF417}.Debug|x86.ActiveCfg = Debug|Any CPU
		{F350A9AB-2F58-459B-972B-D9E4461DF417}.Debug|x86.Build.0 = Debug|Any CPU
		{F350A9AB-2F58-459B-972B-D9E4461DF417}.Release|Any CPU.ActiveCfg = Release|Any CPU
		{F350A9AB-2F58-459B-972B-D9E4461DF417}.Release|Any CPU.Build.0 = Release|Any CPU
		{F350A9AB-2F58-459B-972B-D9E4461DF417}.Release|x64.ActiveCfg = Release|Any CPU
		{F350A9AB-2F58-459B-972B-D9E4461DF417}.Release|x64.Build.0 = Release|Any CPU
		{F350A9AB-2F58-459B-972B-D9E4461DF417}.Release|x86.ActiveCfg = Release|Any CPU
		{F350A9AB-2F58-459B-972B-D9E4461DF417}.Release|x86.Build.0 = Release|Any CPU
		{CC45590F-745B-4C6C-9DB7-665D1D19D607}.Debug|Any CPU.ActiveCfg = Debug|Any CPU
		{CC45590F-745B-4C6C-9DB7-665D1D19D607}.Debug|Any CPU.Build.0 = Debug|Any CPU
		{CC45590F-745B-4C6C-9DB7-665D1D19D607}.Debug|x64.ActiveCfg = Debug|Any CPU
		{CC45590F-745B-4C6C-9DB7-665D1D19D607}.Debug|x64.Build.0 = Debug|Any CPU
		{CC45590F-745B-4C6C-9DB7-665D1D19D607}.Debug|x86.ActiveCfg = Debug|Any CPU
		{CC45590F-745B-4C6C-9DB7-665D1D19D607}.Debug|x86.Build.0 = Debug|Any CPU
		{CC45590F-745B-4C6C-9DB7-665D1D19D607}.Release|Any CPU.ActiveCfg = Release|Any CPU
		{CC45590F-745B-4C6C-9DB7-665D1D19D607}.Release|Any CPU.Build.0 = Release|Any CPU
		{CC45590F-745B-4C6C-9DB7-665D1D19D607}.Release|x64.ActiveCfg = Release|Any CPU
		{CC45590F-745B-4C6C-9DB7-665D1D19D607}.Release|x64.Build.0 = Release|Any CPU
		{CC45590F-745B-4C6C-9DB7-665D1D19D607}.Release|x86.ActiveCfg = Release|Any CPU
		{CC45590F-745B-4C6C-9DB7-665D1D19D607}.Release|x86.Build.0 = Release|Any CPU
	EndGlobalSection
	GlobalSection(SolutionProperties) = preSolution
		HideSolutionNode = FALSE
	EndGlobalSection
	GlobalSection(NestedProjects) = preSolution
		{A9AE4161-18C2-4D73-861C-E0B811506CAC} = {827E0CD3-B72D-47B6-A68D-7590B98EB39B}
		{590F1A5C-780B-4520-BF24-FA36BDC97CC8} = {827E0CD3-B72D-47B6-A68D-7590B98EB39B}
		{13019BAE-4A0E-4CB8-99DC-8CD8E7EF4BFC} = {827E0CD3-B72D-47B6-A68D-7590B98EB39B}
		{468E30AC-8796-4CE2-8842-2393D9513A8B} = {0AB3BF05-4346-4AA6-1389-037BE0695223}
		{9E6B58AB-A346-4B36-9265-AE86CEB20037} = {0AB3BF05-4346-4AA6-1389-037BE0695223}
		{F350A9AB-2F58-459B-972B-D9E4461DF417} = {0AB3BF05-4346-4AA6-1389-037BE0695223}
		{CC45590F-745B-4C6C-9DB7-665D1D19D607} = {5D20AA90-6969-D8BD-9DCD-8634F4692FDA}
	EndGlobalSection
EndGlobal
