
Microsoft Visual Studio Solution File, Format Version 12.00
# Visual Studio Version 18
VisualStudioVersion = 18.3.11222.16 d18.3
MinimumVisualStudioVersion = 10.0.40219.1
Project("{2150E333-8FDC-42A3-9474-1A3956D46DE8}") = "src", "src", "{827E0CD3-B72D-47B6-A68D-7590B98EB39B}"
EndProject
Project("{FAE04EC0-301F-11D3-BF4B-00C04F79EFBC}") = "SdJwt.Net", "src\SdJwt.Net\SdJwt.Net.csproj", "{A9AE4161-18C2-4D73-861C-E0B811506CAC}"
EndProject
Project("{FAE04EC0-301F-11D3-BF4B-00C04F79EFBC}") = "SdJwt.Net.Vc", "src\SdJwt.Net.Vc\SdJwt.Net.Vc.csproj", "{590F1A5C-780B-4520-BF24-FA36BDC97CC8}"
EndProject
Project("{FAE04EC0-301F-11D3-BF4B-00C04F79EFBC}") = "SdJwt.Net.StatusList", "src\SdJwt.Net.StatusList\SdJwt.Net.StatusList.csproj", "{13019BAE-4A0E-4CB8-99DC-8CD8E7EF4BFC}"
EndProject
Project("{2150E333-8FDC-42A3-9474-1A3956D46DE8}") = "tests", "tests", "{0AB3BF05-4346-4AA6-1389-037BE0695223}"
EndProject
Project("{FAE04EC0-301F-11D3-BF4B-00C04F79EFBC}") = "SdJwt.Net.Tests", "tests\SdJwt.Net.Tests\SdJwt.Net.Tests.csproj", "{468E30AC-8796-4CE2-8842-2393D9513A8B}"
EndProject
Project("{FAE04EC0-301F-11D3-BF4B-00C04F79EFBC}") = "SdJwt.Net.Vc.Tests", "tests\SdJwt.Net.Vc.Tests\SdJwt.Net.Vc.Tests.csproj", "{9E6B58AB-A346-4B36-9265-AE86CEB20037}"
EndProject
Project("{FAE04EC0-301F-11D3-BF4B-00C04F79EFBC}") = "SdJwt.Net.StatusList.Tests", "tests\SdJwt.Net.StatusList.Tests\SdJwt.Net.StatusList.Tests.csproj", "{F350A9AB-2F58-459B-972B-D9E4461DF417}"
EndProject
Project("{2150E333-8FDC-42A3-9474-1A3956D46DE8}") = "samples", "samples", "{5D20AA90-6969-D8BD-9DCD-8634F4692FDA}"
EndProject
Project("{FAE04EC0-301F-11D3-BF4B-00C04F79EFBC}") = "SdJwt.Net.Samples", "samples\SdJwt.Net.Samples\SdJwt.Net.Samples.csproj", "{CC45590F-745B-4C6C-9DB7-665D1D19D607}"
EndProject
Project("{FAE04EC0-301F-11D3-BF4B-00C04F79EFBC}") = "SdJwt.Net.Oid4Vci", "src\SdJwt.Net.Oid4Vci\SdJwt.Net.Oid4Vci.csproj", "{220B5E5F-A9AD-4AE7-AAE9-5F3F3E4E7B0C}"
EndProject
Project("{FAE04EC0-301F-11D3-BF4B-00C04F79EFBC}") = "SdJwt.Net.Oid4Vci.Tests", "tests\SdJwt.Net.Oid4Vci.Tests\SdJwt.Net.Oid4Vci.Tests.csproj", "{E1B3C89E-F138-42CF-8381-1B1A6D64771D}"
EndProject
Project("{FAE04EC0-301F-11D3-BF4B-00C04F79EFBC}") = "SdJwt.Net.Oid4Vp", "src\SdJwt.Net.Oid4Vp\SdJwt.Net.Oid4Vp.csproj", "{5005EF89-BE59-41DA-8273-7E860945C535}"
EndProject
Project("{FAE04EC0-301F-11D3-BF4B-00C04F79EFBC}") = "SdJwt.Net.Oid4Vp.Tests", "tests\SdJwt.Net.Oid4Vp.Tests\SdJwt.Net.Oid4Vp.Tests.csproj", "{9EE62015-F13E-4390-B42B-4C373EDA4873}"
EndProject
Project("{FAE04EC0-301F-11D3-BF4B-00C04F79EFBC}") = "SdJwt.Net.OidFederation", "src\SdJwt.Net.OidFederation\SdJwt.Net.OidFederation.csproj", "{F5EC6465-CC03-4BA7-B31F-B813E590698D}"
EndProject
Project("{FAE04EC0-301F-11D3-BF4B-00C04F79EFBC}") = "SdJwt.Net.OidFederation.Tests", "tests\SdJwt.Net.OidFederation.Tests\SdJwt.Net.OidFederation.Tests.csproj", "{C0801036-6D6B-4042-8825-DCF841AC7737}"
EndProject
Project("{FAE04EC0-301F-11D3-BF4B-00C04F79EFBC}") = "SdJwt.Net.PresentationExchange", "src\SdJwt.Net.PresentationExchange\SdJwt.Net.PresentationExchange.csproj", "{5D709582-BE49-658E-7782-CE0E81FD1AE9}"
EndProject
Project("{FAE04EC0-301F-11D3-BF4B-00C04F79EFBC}") = "SdJwt.Net.PresentationExchange.Tests", "tests\SdJwt.Net.PresentationExchange.Tests\SdJwt.Net.PresentationExchange.Tests.csproj", "{A8F8A8A4-7002-2B7B-8006-7DF96F441DE1}"
EndProject
Global
	GlobalSection(SolutionConfigurationPlatforms) = preSolution
		Debug|Any CPU = Debug|Any CPU
		Debug|x64 = Debug|x64
		Debug|x86 = Debug|x86
		Release|Any CPU = Release|Any CPU
		Release|x64 = Release|x64
		Release|x86 = Release|x86
	EndGlobalSection
	GlobalSection(ProjectConfigurationPlatforms) = postSolution
		{A9AE4161-18C2-4D73-861C-E0B811506CAC}.Debug|Any CPU.ActiveCfg = Debug|Any CPU
		{A9AE4161-18C2-4D73-861C-E0B811506CAC}.Debug|Any CPU.Build.0 = Debug|Any CPU
		{A9AE4161-18C2-4D73-861C-E0B811506CAC}.Debug|x64.ActiveCfg = Debug|Any CPU
		{A9AE4161-18C2-4D73-861C-E0B811506CAC}.Debug|x64.Build.0 = Debug|Any CPU
		{A9AE4161-18C2-4D73-861C-E0B811506CAC}.Debug|x86.ActiveCfg = Debug|Any CPU
		{A9AE4161-18C2-4D73-861C-E0B811506CAC}.Debug|x86.Build.0 = Debug|Any CPU
		{A9AE4161-18C2-4D73-861C-E0B811506CAC}.Release|Any CPU.ActiveCfg = Release|Any CPU
		{A9AE4161-18C2-4D73-861C-E0B811506CAC}.Release|Any CPU.Build.0 = Release|Any CPU
		{A9AE4161-18C2-4D73-861C-E0B811506CAC}.Release|x64.ActiveCfg = Release|Any CPU
		{A9AE4161-18C2-4D73-861C-E0B811506CAC}.Release|x64.Build.0 = Release|Any CPU
		{A9AE4161-18C2-4D73-861C-E0B811506CAC}.Release|x86.ActiveCfg = Release|Any CPU
		{A9AE4161-18C2-4D73-861C-E0B811506CAC}.Release|x86.Build.0 = Release|Any CPU
		{590F1A5C-780B-4520-BF24-FA36BDC97CC8}.Debug|Any CPU.ActiveCfg = Debug|Any CPU
		{590F1A5C-780B-4520-BF24-FA36BDC97CC8}.Debug|Any CPU.Build.0 = Debug|Any CPU
		{590F1A5C-780B-4520-BF24-FA36BDC97CC8}.Debug|x64.ActiveCfg = Debug|Any CPU
		{590F1A5C-780B-4520-BF24-FA36BDC97CC8}.Debug|x64.Build.0 = Debug|Any CPU
		{590F1A5C-780B-4520-BF24-FA36BDC97CC8}.Debug|x86.ActiveCfg = Debug|Any CPU
		{590F1A5C-780B-4520-BF24-FA36BDC97CC8}.Debug|x86.Build.0 = Debug|Any CPU
		{590F1A5C-780B-4520-BF24-FA36BDC97CC8}.Release|Any CPU.ActiveCfg = Release|Any CPU
		{590F1A5C-780B-4520-BF24-FA36BDC97CC8}.Release|Any CPU.Build.0 = Release|Any CPU
		{590F1A5C-780B-4520-BF24-FA36BDC97CC8}.Release|x64.ActiveCfg = Release|Any CPU
		{590F1A5C-780B-4520-BF24-FA36BDC97CC8}.Release|x64.Build.0 = Release|Any CPU
		{590F1A5C-780B-4520-BF24-FA36BDC97CC8}.Release|x86.ActiveCfg = Release|Any CPU
		{590F1A5C-780B-4520-BF24-FA36BDC97CC8}.Release|x86.Build.0 = Release|Any CPU
		{13019BAE-4A0E-4CB8-99DC-8CD8E7EF4BFC}.Debug|Any CPU.ActiveCfg = Debug|Any CPU
		{13019BAE-4A0E-4CB8-99DC-8CD8E7EF4BFC}.Debug|Any CPU.Build.0 = Debug|Any CPU
		{13019BAE-4A0E-4CB8-99DC-8CD8E7EF4BFC}.Debug|x64.ActiveCfg = Debug|Any CPU
		{13019BAE-4A0E-4CB8-99DC-8CD8E7EF4BFC}.Debug|x64.Build.0 = Debug|Any CPU
		{13019BAE-4A0E-4CB8-99DC-8CD8E7EF4BFC}.Debug|x86.ActiveCfg = Debug|Any CPU
		{13019BAE-4A0E-4CB8-99DC-8CD8E7EF4BFC}.Debug|x86.Build.0 = Debug|Any CPU
		{13019BAE-4A0E-4CB8-99DC-8CD8E7EF4BFC}.Release|Any CPU.ActiveCfg = Release|Any CPU
		{13019BAE-4A0E-4CB8-99DC-8CD8E7EF4BFC}.Release|Any CPU.Build.0 = Release|Any CPU
		{13019BAE-4A0E-4CB8-99DC-8CD8E7EF4BFC}.Release|x64.ActiveCfg = Release|Any CPU
		{13019BAE-4A0E-4CB8-99DC-8CD8E7EF4BFC}.Release|x64.Build.0 = Release|Any CPU
		{13019BAE-4A0E-4CB8-99DC-8CD8E7EF4BFC}.Release|x86.ActiveCfg = Release|Any CPU
		{13019BAE-4A0E-4CB8-99DC-8CD8E7EF4BFC}.Release|x86.Build.0 = Release|Any CPU
		{468E30AC-8796-4CE2-8842-2393D9513A8B}.Debug|Any CPU.ActiveCfg = Debug|Any CPU
		{468E30AC-8796-4CE2-8842-2393D9513A8B}.Debug|Any CPU.Build.0 = Debug|Any CPU
		{468E30AC-8796-4CE2-8842-2393D9513A8B}.Debug|x64.ActiveCfg = Debug|Any CPU
		{468E30AC-8796-4CE2-8842-2393D9513A8B}.Debug|x64.Build.0 = Debug|Any CPU
		{468E30AC-8796-4CE2-8842-2393D9513A8B}.Debug|x86.ActiveCfg = Debug|Any CPU
		{468E30AC-8796-4CE2-8842-2393D9513A8B}.Debug|x86.Build.0 = Debug|Any CPU
		{468E30AC-8796-4CE2-8842-2393D9513A8B}.Release|Any CPU.ActiveCfg = Release|Any CPU
		{468E30AC-8796-4CE2-8842-2393D9513A8B}.Release|Any CPU.Build.0 = Release|Any CPU
		{468E30AC-8796-4CE2-8842-2393D9513A8B}.Release|x64.ActiveCfg = Release|Any CPU
		{468E30AC-8796-4CE2-8842-2393D9513A8B}.Release|x64.Build.0 = Release|Any CPU
		{468E30AC-8796-4CE2-8842-2393D9513A8B}.Release|x86.ActiveCfg = Release|Any CPU
		{468E30AC-8796-4CE2-8842-2393D9513A8B}.Release|x86.Build.0 = Release|Any CPU
		{9E6B58AB-A346-4B36-9265-AE86CEB20037}.Debug|Any CPU.ActiveCfg = Debug|Any CPU
		{9E6B58AB-A346-4B36-9265-AE86CEB20037}.Debug|Any CPU.Build.0 = Debug|Any CPU
		{9E6B58AB-A346-4B36-9265-AE86CEB20037}.Debug|x64.ActiveCfg = Debug|Any CPU
		{9E6B58AB-A346-4B36-9265-AE86CEB20037}.Debug|x64.Build.0 = Debug|Any CPU
		{9E6B58AB-A346-4B36-9265-AE86CEB20037}.Debug|x86.ActiveCfg = Debug|Any CPU
		{9E6B58AB-A346-4B36-9265-AE86CEB20037}.Debug|x86.Build.0 = Debug|Any CPU
		{9E6B58AB-A346-4B36-9265-AE86CEB20037}.Release|Any CPU.ActiveCfg = Release|Any CPU
		{9E6B58AB-A346-4B36-9265-AE86CEB20037}.Release|Any CPU.Build.0 = Release|Any CPU
		{9E6B58AB-A346-4B36-9265-AE86CEB20037}.Release|x64.ActiveCfg = Release|Any CPU
		{9E6B58AB-A346-4B36-9265-AE86CEB20037}.Release|x64.Build.0 = Release|Any CPU
		{9E6B58AB-A346-4B36-9265-AE86CEB20037}.Release|x86.ActiveCfg = Release|Any CPU
		{9E6B58AB-A346-4B36-9265-AE86CEB20037}.Release|x86.Build.0 = Release|Any CPU
		{F350A9AB-2F58-459B-972B-D9E4461DF417}.Debug|Any CPU.ActiveCfg = Debug|Any CPU
		{F350A9AB-2F58-459B-972B-D9E4461DF417}.Debug|Any CPU.Build.0 = Debug|Any CPU
		{F350A9AB-2F58-459B-972B-D9E4461DF417}.Debug|x64.ActiveCfg = Debug|Any CPU
		{F350A9AB-2F58-459B-972B-D9E4461DF417}.Debug|x64.Build.0 = Debug|Any CPU
		{F350A9AB-2F58-459B-972B-D9E4461DF417}.Debug|x86.ActiveCfg = Debug|Any CPU
		{F350A9AB-2F58-459B-972B-D9E4461DF417}.Debug|x86.Build.0 = Debug|Any CPU
		{F350A9AB-2F58-459B-972B-D9E4461DF417}.Release|Any CPU.ActiveCfg = Release|Any CPU
		{F350A9AB-2F58-459B-972B-D9E4461DF417}.Release|Any CPU.Build.0 = Release|Any CPU
		{F350A9AB-2F58-459B-972B-D9E4461DF417}.Release|x64.ActiveCfg = Release|Any CPU
		{F350A9AB-2F58-459B-972B-D9E4461DF417}.Release|x64.Build.0 = Release|Any CPU
		{F350A9AB-2F58-459B-972B-D9E4461DF417}.Release|x86.ActiveCfg = Release|Any CPU
		{F350A9AB-2F58-459B-972B-D9E4461DF417}.Release|x86.Build.0 = Release|Any CPU
		{CC45590F-745B-4C6C-9DB7-665D1D19D607}.Debug|Any CPU.ActiveCfg = Debug|Any CPU
		{CC45590F-745B-4C6C-9DB7-665D1D19D607}.Debug|Any CPU.Build.0 = Debug|Any CPU
		{CC45590F-745B-4C6C-9DB7-665D1D19D607}.Debug|x64.ActiveCfg = Debug|Any CPU
		{CC45590F-745B-4C6C-9DB7-665D1D19D607}.Debug|x64.Build.0 = Debug|Any CPU
		{CC45590F-745B-4C6C-9DB7-665D1D19D607}.Debug|x86.ActiveCfg = Debug|Any CPU
		{CC45590F-745B-4C6C-9DB7-665D1D19D607}.Debug|x86.Build.0 = Debug|Any CPU
		{CC45590F-745B-4C6C-9DB7-665D1D19D607}.Release|Any CPU.ActiveCfg = Release|Any CPU
		{CC45590F-745B-4C6C-9DB7-665D1D19D607}.Release|Any CPU.Build.0 = Release|Any CPU
		{CC45590F-745B-4C6C-9DB7-665D1D19D607}.Release|x64.ActiveCfg = Release|Any CPU
		{CC45590F-745B-4C6C-9DB7-665D1D19D607}.Release|x64.Build.0 = Release|Any CPU
		{CC45590F-745B-4C6C-9DB7-665D1D19D607}.Release|x86.ActiveCfg = Release|Any CPU
		{CC45590F-745B-4C6C-9DB7-665D1D19D607}.Release|x86.Build.0 = Release|Any CPU
		{220B5E5F-A9AD-4AE7-AAE9-5F3F3E4E7B0C}.Debug|Any CPU.ActiveCfg = Debug|Any CPU
		{220B5E5F-A9AD-4AE7-AAE9-5F3F3E4E7B0C}.Debug|Any CPU.Build.0 = Debug|Any CPU
		{220B5E5F-A9AD-4AE7-AAE9-5F3F3E4E7B0C}.Debug|x64.ActiveCfg = Debug|Any CPU
		{220B5E5F-A9AD-4AE7-AAE9-5F3F3E4E7B0C}.Debug|x64.Build.0 = Debug|Any CPU
		{220B5E5F-A9AD-4AE7-AAE9-5F3F3E4E7B0C}.Debug|x86.ActiveCfg = Debug|Any CPU
		{220B5E5F-A9AD-4AE7-AAE9-5F3F3E4E7B0C}.Debug|x86.Build.0 = Debug|Any CPU
		{220B5E5F-A9AD-4AE7-AAE9-5F3F3E4E7B0C}.Release|Any CPU.ActiveCfg = Release|Any CPU
		{220B5E5F-A9AD-4AE7-AAE9-5F3F3E4E7B0C}.Release|Any CPU.Build.0 = Release|Any CPU
		{220B5E5F-A9AD-4AE7-AAE9-5F3F3E4E7B0C}.Release|x64.ActiveCfg = Release|Any CPU
		{220B5E5F-A9AD-4AE7-AAE9-5F3F3E4E7B0C}.Release|x64.Build.0 = Release|Any CPU
		{220B5E5F-A9AD-4AE7-AAE9-5F3F3E4E7B0C}.Release|x86.ActiveCfg = Release|Any CPU
		{220B5E5F-A9AD-4AE7-AAE9-5F3F3E4E7B0C}.Release|x86.Build.0 = Release|Any CPU
		{E1B3C89E-F138-42CF-8381-1B1A6D64771D}.Debug|Any CPU.ActiveCfg = Debug|Any CPU
		{E1B3C89E-F138-42CF-8381-1B1A6D64771D}.Debug|Any CPU.Build.0 = Debug|Any CPU
		{E1B3C89E-F138-42CF-8381-1B1A6D64771D}.Debug|x64.ActiveCfg = Debug|Any CPU
		{E1B3C89E-F138-42CF-8381-1B1A6D64771D}.Debug|x64.Build.0 = Debug|Any CPU
		{E1B3C89E-F138-42CF-8381-1B1A6D64771D}.Debug|x86.ActiveCfg = Debug|Any CPU
		{E1B3C89E-F138-42CF-8381-1B1A6D64771D}.Debug|x86.Build.0 = Debug|Any CPU
		{E1B3C89E-F138-42CF-8381-1B1A6D64771D}.Release|Any CPU.ActiveCfg = Release|Any CPU
		{E1B3C89E-F138-42CF-8381-1B1A6D64771D}.Release|Any CPU.Build.0 = Release|Any CPU
		{E1B3C89E-F138-42CF-8381-1B1A6D64771D}.Release|x64.ActiveCfg = Release|Any CPU
		{E1B3C89E-F138-42CF-8381-1B1A6D64771D}.Release|x64.Build.0 = Release|Any CPU
		{E1B3C89E-F138-42CF-8381-1B1A6D64771D}.Release|x86.ActiveCfg = Release|Any CPU
		{E1B3C89E-F138-42CF-8381-1B1A6D64771D}.Release|x86.Build.0 = Release|Any CPU
		{5005EF89-BE59-41DA-8273-7E860945C535}.Debug|Any CPU.ActiveCfg = Debug|Any CPU
		{5005EF89-BE59-41DA-8273-7E860945C535}.Debug|Any CPU.Build.0 = Debug|Any CPU
		{5005EF89-BE59-41DA-8273-7E860945C535}.Debug|x64.ActiveCfg = Debug|Any CPU
		{5005EF89-BE59-41DA-8273-7E860945C535}.Debug|x64.Build.0 = Debug|Any CPU
		{5005EF89-BE59-41DA-8273-7E860945C535}.Debug|x86.ActiveCfg = Debug|Any CPU
		{5005EF89-BE59-41DA-8273-7E860945C535}.Debug|x86.Build.0 = Debug|Any CPU
		{5005EF89-BE59-41DA-8273-7E860945C535}.Release|Any CPU.ActiveCfg = Release|Any CPU
		{5005EF89-BE59-41DA-8273-7E860945C535}.Release|Any CPU.Build.0 = Release|Any CPU
		{5005EF89-BE59-41DA-8273-7E860945C535}.Release|x64.ActiveCfg = Release|Any CPU
		{5005EF89-BE59-41DA-8273-7E860945C535}.Release|x64.Build.0 = Release|Any CPU
		{5005EF89-BE59-41DA-8273-7E860945C535}.Release|x86.ActiveCfg = Release|Any CPU
		{5005EF89-BE59-41DA-8273-7E860945C535}.Release|x86.Build.0 = Release|Any CPU
		{9EE62015-F13E-4390-B42B-4C373EDA4873}.Debug|Any CPU.ActiveCfg = Debug|Any CPU
		{9EE62015-F13E-4390-B42B-4C373EDA4873}.Debug|Any CPU.Build.0 = Debug|Any CPU
		{9EE62015-F13E-4390-B42B-4C373EDA4873}.Debug|x64.ActiveCfg = Debug|Any CPU
		{9EE62015-F13E-4390-B42B-4C373EDA4873}.Debug|x64.Build.0 = Debug|Any CPU
		{9EE62015-F13E-4390-B42B-4C373EDA4873}.Debug|x86.ActiveCfg = Debug|Any CPU
		{9EE62015-F13E-4390-B42B-4C373EDA4873}.Debug|x86.Build.0 = Debug|Any CPU
		{9EE62015-F13E-4390-B42B-4C373EDA4873}.Release|Any CPU.ActiveCfg = Release|Any CPU
		{9EE62015-F13E-4390-B42B-4C373EDA4873}.Release|Any CPU.Build.0 = Release|Any CPU
		{9EE62015-F13E-4390-B42B-4C373EDA4873}.Release|x64.ActiveCfg = Release|Any CPU
		{9EE62015-F13E-4390-B42B-4C373EDA4873}.Release|x64.Build.0 = Release|Any CPU
		{9EE62015-F13E-4390-B42B-4C373EDA4873}.Release|x86.ActiveCfg = Release|Any CPU
		{9EE62015-F13E-4390-B42B-4C373EDA4873}.Release|x86.Build.0 = Release|Any CPU
		{F5EC6465-CC03-4BA7-B31F-B813E590698D}.Debug|Any CPU.ActiveCfg = Debug|Any CPU
		{F5EC6465-CC03-4BA7-B31F-B813E590698D}.Debug|Any CPU.Build.0 = Debug|Any CPU
		{F5EC6465-CC03-4BA7-B31F-B813E590698D}.Debug|x64.ActiveCfg = Debug|Any CPU
		{F5EC6465-CC03-4BA7-B31F-B813E590698D}.Debug|x64.Build.0 = Debug|Any CPU
		{F5EC6465-CC03-4BA7-B31F-B813E590698D}.Debug|x86.ActiveCfg = Debug|Any CPU
		{F5EC6465-CC03-4BA7-B31F-B813E590698D}.Debug|x86.Build.0 = Debug|Any CPU
		{F5EC6465-CC03-4BA7-B31F-B813E590698D}.Release|Any CPU.ActiveCfg = Release|Any CPU
		{F5EC6465-CC03-4BA7-B31F-B813E590698D}.Release|Any CPU.Build.0 = Release|Any CPU
		{F5EC6465-CC03-4BA7-B31F-B813E590698D}.Release|x64.ActiveCfg = Release|Any CPU
		{F5EC6465-CC03-4BA7-B31F-B813E590698D}.Release|x64.Build.0 = Release|Any CPU
		{F5EC6465-CC03-4BA7-B31F-B813E590698D}.Release|x86.ActiveCfg = Release|Any CPU
		{F5EC6465-CC03-4BA7-B31F-B813E590698D}.Release|x86.Build.0 = Release|Any CPU
		{C0801036-6D6B-4042-8825-DCF841AC7737}.Debug|Any CPU.ActiveCfg = Debug|Any CPU
		{C0801036-6D6B-4042-8825-DCF841AC7737}.Debug|Any CPU.Build.0 = Debug|Any CPU
		{C0801036-6D6B-4042-8825-DCF841AC7737}.Debug|x64.ActiveCfg = Debug|Any CPU
		{C0801036-6D6B-4042-8825-DCF841AC7737}.Debug|x64.Build.0 = Debug|Any CPU
		{C0801036-6D6B-4042-8825-DCF841AC7737}.Debug|x86.ActiveCfg = Debug|Any CPU
		{C0801036-6D6B-4042-8825-DCF841AC7737}.Debug|x86.Build.0 = Debug|Any CPU
		{C0801036-6D6B-4042-8825-DCF841AC7737}.Release|Any CPU.ActiveCfg = Release|Any CPU
		{C0801036-6D6B-4042-8825-DCF841AC7737}.Release|Any CPU.Build.0 = Release|Any CPU
		{C0801036-6D6B-4042-8825-DCF841AC7737}.Release|x64.ActiveCfg = Release|Any CPU
		{C0801036-6D6B-4042-8825-DCF841AC7737}.Release|x64.Build.0 = Release|Any CPU
		{C0801036-6D6B-4042-8825-DCF841AC7737}.Release|x86.ActiveCfg = Release|Any CPU
		{C0801036-6D6B-4042-8825-DCF841AC7737}.Release|x86.Build.0 = Release|Any CPU
		{5D709582-BE49-658E-7782-CE0E81FD1AE9}.Debug|Any CPU.ActiveCfg = Debug|Any CPU
		{5D709582-BE49-658E-7782-CE0E81FD1AE9}.Debug|Any CPU.Build.0 = Debug|Any CPU
		{5D709582-BE49-658E-7782-CE0E81FD1AE9}.Debug|x64.ActiveCfg = Debug|Any CPU
		{5D709582-BE49-658E-7782-CE0E81FD1AE9}.Debug|x64.Build.0 = Debug|Any CPU
		{5D709582-BE49-658E-7782-CE0E81FD1AE9}.Debug|x86.ActiveCfg = Debug|Any CPU
		{5D709582-BE49-658E-7782-CE0E81FD1AE9}.Debug|x86.Build.0 = Debug|Any CPU
		{5D709582-BE49-658E-7782-CE0E81FD1AE9}.Release|Any CPU.ActiveCfg = Release|Any CPU
		{5D709582-BE49-658E-7782-CE0E81FD1AE9}.Release|Any CPU.Build.0 = Release|Any CPU
		{5D709582-BE49-658E-7782-CE0E81FD1AE9}.Release|x64.ActiveCfg = Release|Any CPU
		{5D709582-BE49-658E-7782-CE0E81FD1AE9}.Release|x64.Build.0 = Release|Any CPU
		{5D709582-BE49-658E-7782-CE0E81FD1AE9}.Release|x86.ActiveCfg = Release|Any CPU
		{5D709582-BE49-658E-7782-CE0E81FD1AE9}.Release|x86.Build.0 = Release|Any CPU
		{A8F8A8A4-7002-2B7B-8006-7DF96F441DE1}.Debug|Any CPU.ActiveCfg = Debug|Any CPU
		{A8F8A8A4-7002-2B7B-8006-7DF96F441DE1}.Debug|Any CPU.Build.0 = Debug|Any CPU
		{A8F8A8A4-7002-2B7B-8006-7DF96F441DE1}.Debug|x64.ActiveCfg = Debug|Any CPU
		{A8F8A8A4-7002-2B7B-8006-7DF96F441DE1}.Debug|x64.Build.0 = Debug|Any CPU
		{A8F8A8A4-7002-2B7B-8006-7DF96F441DE1}.Debug|x86.ActiveCfg = Debug|Any CPU
		{A8F8A8A4-7002-2B7B-8006-7DF96F441DE1}.Debug|x86.Build.0 = Debug|Any CPU
		{A8F8A8A4-7002-2B7B-8006-7DF96F441DE1}.Release|Any CPU.ActiveCfg = Release|Any CPU
		{A8F8A8A4-7002-2B7B-8006-7DF96F441DE1}.Release|Any CPU.Build.0 = Release|Any CPU
		{A8F8A8A4-7002-2B7B-8006-7DF96F441DE1}.Release|x64.ActiveCfg = Release|Any CPU
		{A8F8A8A4-7002-2B7B-8006-7DF96F441DE1}.Release|x64.Build.0 = Release|Any CPU
		{A8F8A8A4-7002-2B7B-8006-7DF96F441DE1}.Release|x86.ActiveCfg = Release|Any CPU
		{A8F8A8A4-7002-2B7B-8006-7DF96F441DE1}.Release|x86.Build.0 = Release|Any CPU
	EndGlobalSection
	GlobalSection(SolutionProperties) = preSolution
		HideSolutionNode = FALSE
	EndGlobalSection
	GlobalSection(NestedProjects) = preSolution
		{A9AE4161-18C2-4D73-861C-E0B811506CAC} = {827E0CD3-B72D-47B6-A68D-7590B98EB39B}
		{590F1A5C-780B-4520-BF24-FA36BDC97CC8} = {827E0CD3-B72D-47B6-A68D-7590B98EB39B}
		{13019BAE-4A0E-4CB8-99DC-8CD8E7EF4BFC} = {827E0CD3-B72D-47B6-A68D-7590B98EB39B}
		{468E30AC-8796-4CE2-8842-2393D9513A8B} = {0AB3BF05-4346-4AA6-1389-037BE0695223}
		{9E6B58AB-A346-4B36-9265-AE86CEB20037} = {0AB3BF05-4346-4AA6-1389-037BE0695223}
		{F350A9AB-2F58-459B-972B-D9E4461DF417} = {0AB3BF05-4346-4AA6-1389-037BE0695223}
		{CC45590F-745B-4C6C-9DB7-665D1D19D607} = {5D20AA90-6969-D8BD-9DCD-8634F4692FDA}
		{220B5E5F-A9AD-4AE7-AAE9-5F3F3E4E7B0C} = {827E0CD3-B72D-47B6-A68D-7590B98EB39B}
		{E1B3C89E-F138-42CF-8381-1B1A6D64771D} = {0AB3BF05-4346-4AA6-1389-037BE0695223}
		{5005EF89-BE59-41DA-8273-7E860945C535} = {827E0CD3-B72D-47B6-A68D-7590B98EB39B}
		{9EE62015-F13E-4390-B42B-4C373EDA4873} = {0AB3BF05-4346-4AA6-1389-037BE0695223}
		{F5EC6465-CC03-4BA7-B31F-B813E590698D} = {827E0CD3-B72D-47B6-A68D-7590B98EB39B}
		{C0801036-6D6B-4042-8825-DCF841AC7737} = {0AB3BF05-4346-4AA6-1389-037BE0695223}
		{5D709582-BE49-658E-7782-CE0E81FD1AE9} = {827E0CD3-B72D-47B6-A68D-7590B98EB39B}
		{A8F8A8A4-7002-2B7B-8006-7DF96F441DE1} = {0AB3BF05-4346-4AA6-1389-037BE0695223}
	EndGlobalSection
EndGlobal
