
Microsoft Visual Studio Solution File, Format Version 12.00
# Visual Studio Version 17
VisualStudioVersion = 17.5.33627.172
MinimumVisualStudioVersion = 10.0.40219.1
Project("{9A19103F-16F7-4668-BE54-9A1E7A4F7556}") = "Owf.Sd.Jwt", "Owf.Sd.Jwt\Owf.Sd.Jwt.csproj", "{442904C9-5D59-4799-917D-726196443F10}"
EndProject
Project("{9A19103F-16F7-4668-BE54-9A1E7A4F7556}") = "Owf.Sd.Jwt.Tests", "Owf.Sd.Jwt.Tests\Owf.Sd.Jwt.Tests.csproj", "{1887C0E8-4A4F-467B-8C65-D1B69F08530E}"
EndProject
Project("{2150E333-8FDC-42A3-9474-1A3956D46DE8}") = "Solution Items", "Solution Items", "{99A2DABC-DE77-4073-ADEF-91B8BAD1F660}"
	ProjectSection(SolutionItems) = preProject
		..\CODEOWNERS = ..\CODEOWNERS
		..\README.md = ..\README.md
	EndProjectSection
EndProject
Project("{FAE04EC0-301F-11D3-BF4B-00C04F79EFBC}") = "Owf.Sd.Jwt.Examples", "Owf.Sd.Jwt.Examples\Owf.Sd.Jwt.Examples.csproj", "{877A7CF8-5303-46D2-9C2B-709709E3415E}"
EndProject
Global
	GlobalSection(SolutionConfigurationPlatforms) = preSolution
		Debug|Any CPU = Debug|Any CPU
		Release|Any CPU = Release|Any CPU
	EndGlobalSection
	GlobalSection(ProjectConfigurationPlatforms) = postSolution
		{442904C9-5D59-4799-917D-726196443F10}.Debug|Any CPU.ActiveCfg = Debug|Any CPU
		{442904C9-5D59-4799-917D-726196443F10}.Debug|Any CPU.Build.0 = Debug|Any CPU
		{442904C9-5D59-4799-917D-726196443F10}.Release|Any CPU.ActiveCfg = Release|Any CPU
		{442904C9-5D59-4799-917D-726196443F10}.Release|Any CPU.Build.0 = Release|Any CPU
		{1887C0E8-4A4F-467B-8C65-D1B69F08530E}.Debug|Any CPU.ActiveCfg = Debug|Any CPU
		{1887C0E8-4A4F-467B-8C65-D1B69F08530E}.Debug|Any CPU.Build.0 = Debug|Any CPU
		{1887C0E8-4A4F-467B-8C65-D1B69F08530E}.Release|Any CPU.ActiveCfg = Release|Any CPU
		{1887C0E8-4A4F-467B-8C65-D1B69F08530E}.Release|Any CPU.Build.0 = Release|Any CPU
		{877A7CF8-5303-46D2-9C2B-709709E3415E}.Debug|Any CPU.ActiveCfg = Debug|Any CPU
		{877A7CF8-5303-46D2-9C2B-709709E3415E}.Debug|Any CPU.Build.0 = Debug|Any CPU
		{877A7CF8-5303-46D2-9C2B-709709E3415E}.Release|Any CPU.ActiveCfg = Release|Any CPU
		{877A7CF8-5303-46D2-9C2B-709709E3415E}.Release|Any CPU.Build.0 = Release|Any CPU
	EndGlobalSection
	GlobalSection(SolutionProperties) = preSolution
		HideSolutionNode = FALSE
	EndGlobalSection
	GlobalSection(ExtensibilityGlobals) = postSolution
		SolutionGuid = {8BF1CE96-BF2A-4135-87D9-2002155A94BA}
	EndGlobalSection
EndGlobal
